// !$*UTF8*$!
{
	archiveVersion = 1;
	classes = {
	};
	objectVersion = 51;
	objects = {

/* Begin PBXBuildFile section */
		123AF68B251DFE1400FFBEBB /* AppDelegate.swift in Sources */ = {isa = PBXBuildFile; fileRef = 123AF68A251DFE1400FFBEBB /* AppDelegate.swift */; };
		123AF68D251DFE1400FFBEBB /* SceneDelegate.swift in Sources */ = {isa = PBXBuildFile; fileRef = 123AF68C251DFE1400FFBEBB /* SceneDelegate.swift */; };
		123AF68F251DFE1400FFBEBB /* ViewController.swift in Sources */ = {isa = PBXBuildFile; fileRef = 123AF68E251DFE1400FFBEBB /* ViewController.swift */; };
		123AF692251DFE1400FFBEBB /* Main.storyboard in Resources */ = {isa = PBXBuildFile; fileRef = 123AF690251DFE1400FFBEBB /* Main.storyboard */; };
		123AF694251DFE1500FFBEBB /* Assets.xcassets in Resources */ = {isa = PBXBuildFile; fileRef = 123AF693251DFE1500FFBEBB /* Assets.xcassets */; };
		123AF697251DFE1500FFBEBB /* LaunchScreen.storyboard in Resources */ = {isa = PBXBuildFile; fileRef = 123AF695251DFE1500FFBEBB /* LaunchScreen.storyboard */; };
		8244F32CAC5AE401DDDC9824 /* Pods_ProjectMap.framework in Frameworks */ = {isa = PBXBuildFile; fileRef = C79A3C3E1CCD4E4CD2DF4BE4 /* Pods_ProjectMap.framework */; };
/* End PBXBuildFile section */

/* Begin PBXFileReference section */
		123AF687251DFE1400FFBEBB /* ProjectMap.app */ = {isa = PBXFileReference; explicitFileType = wrapper.application; includeInIndex = 0; path = ProjectMap.app; sourceTree = BUILT_PRODUCTS_DIR; };
		123AF68A251DFE1400FFBEBB /* AppDelegate.swift */ = {isa = PBXFileReference; lastKnownFileType = sourcecode.swift; path = AppDelegate.swift; sourceTree = "<group>"; };
		123AF68C251DFE1400FFBEBB /* SceneDelegate.swift */ = {isa = PBXFileReference; lastKnownFileType = sourcecode.swift; path = SceneDelegate.swift; sourceTree = "<group>"; };
		123AF68E251DFE1400FFBEBB /* ViewController.swift */ = {isa = PBXFileReference; lastKnownFileType = sourcecode.swift; path = ViewController.swift; sourceTree = "<group>"; };
		123AF691251DFE1400FFBEBB /* Base */ = {isa = PBXFileReference; lastKnownFileType = file.storyboard; name = Base; path = Base.lproj/Main.storyboard; sourceTree = "<group>"; };
		123AF693251DFE1500FFBEBB /* Assets.xcassets */ = {isa = PBXFileReference; lastKnownFileType = folder.assetcatalog; path = Assets.xcassets; sourceTree = "<group>"; };
		123AF696251DFE1500FFBEBB /* Base */ = {isa = PBXFileReference; lastKnownFileType = file.storyboard; name = Base; path = Base.lproj/LaunchScreen.storyboard; sourceTree = "<group>"; };
		123AF698251DFE1500FFBEBB /* Info.plist */ = {isa = PBXFileReference; lastKnownFileType = text.plist.xml; path = Info.plist; sourceTree = "<group>"; };
		186312566C05B3DDB7FD4F84 /* Pods-ProjectMap.release.xcconfig */ = {isa = PBXFileReference; includeInIndex = 1; lastKnownFileType = text.xcconfig; name = "Pods-ProjectMap.release.xcconfig"; path = "Target Support Files/Pods-ProjectMap/Pods-ProjectMap.release.xcconfig"; sourceTree = "<group>"; };
		6FCAFD75B186E21CF86A1C69 /* Pods-ProjectMap.debug.xcconfig */ = {isa = PBXFileReference; includeInIndex = 1; lastKnownFileType = text.xcconfig; name = "Pods-ProjectMap.debug.xcconfig"; path = "Target Support Files/Pods-ProjectMap/Pods-ProjectMap.debug.xcconfig"; sourceTree = "<group>"; };
		C79A3C3E1CCD4E4CD2DF4BE4 /* Pods_ProjectMap.framework */ = {isa = PBXFileReference; explicitFileType = wrapper.framework; includeInIndex = 0; path = Pods_ProjectMap.framework; sourceTree = BUILT_PRODUCTS_DIR; };
/* End PBXFileReference section */

/* Begin PBXFrameworksBuildPhase section */
		123AF684251DFE1400FFBEBB /* Frameworks */ = {
			isa = PBXFrameworksBuildPhase;
			buildActionMask = 2147483647;
			files = (
				8244F32CAC5AE401DDDC9824 /* Pods_ProjectMap.framework in Frameworks */,
			);
			runOnlyForDeploymentPostprocessing = 0;
		};
/* End PBXFrameworksBuildPhase section */

/* Begin PBXGroup section */
		123AF67E251DFE1400FFBEBB = {
			isa = PBXGroup;
			children = (
				123AF689251DFE1400FFBEBB /* ProjectMap */,
				123AF688251DFE1400FFBEBB /* Products */,
				C9E26A3B5DCE35A47D4FD428 /* Pods */,
				D2A2EDA5AEAB5EBFD7E47A67 /* Frameworks */,
			);
			sourceTree = "<group>";
		};
		123AF688251DFE1400FFBEBB /* Products */ = {
			isa = PBXGroup;
			children = (
				123AF687251DFE1400FFBEBB /* ProjectMap.app */,
			);
			name = Products;
			sourceTree = "<group>";
		};
		123AF689251DFE1400FFBEBB /* ProjectMap */ = {
			isa = PBXGroup;
			children = (
				123AF68A251DFE1400FFBEBB /* AppDelegate.swift */,
				123AF68C251DFE1400FFBEBB /* SceneDelegate.swift */,
				123AF68E251DFE1400FFBEBB /* ViewController.swift */,
				123AF690251DFE1400FFBEBB /* Main.storyboard */,
				123AF693251DFE1500FFBEBB /* Assets.xcassets */,
				123AF695251DFE1500FFBEBB /* LaunchScreen.storyboard */,
				123AF698251DFE1500FFBEBB /* Info.plist */,
			);
			path = ProjectMap;
			sourceTree = "<group>";
		};
		C9E26A3B5DCE35A47D4FD428 /* Pods */ = {
			isa = PBXGroup;
			children = (
				6FCAFD75B186E21CF86A1C69 /* Pods-ProjectMap.debug.xcconfig */,
				186312566C05B3DDB7FD4F84 /* Pods-ProjectMap.release.xcconfig */,
			);
			path = Pods;
			sourceTree = "<group>";
		};
		D2A2EDA5AEAB5EBFD7E47A67 /* Frameworks */ = {
			isa = PBXGroup;
			children = (
				C79A3C3E1CCD4E4CD2DF4BE4 /* Pods_ProjectMap.framework */,
			);
			name = Frameworks;
			sourceTree = "<group>";
		};
/* End PBXGroup section */

/* Begin PBXNativeTarget section */
		123AF686251DFE1400FFBEBB /* ProjectMap */ = {
			isa = PBXNativeTarget;
			buildConfigurationList = 123AF69B251DFE1500FFBEBB /* Build configuration list for PBXNativeTarget "ProjectMap" */;
			buildPhases = (
				A04A015BFED54923E45E152F /* [CP] Check Pods Manifest.lock */,
				123AF683251DFE1400FFBEBB /* Sources */,
				123AF684251DFE1400FFBEBB /* Frameworks */,
				123AF685251DFE1400FFBEBB /* Resources */,
				14CAB27658C9E451C9702AFB /* [CP] Copy Pods Resources */,
			);
			buildRules = (
			);
			dependencies = (
			);
			name = ProjectMap;
			productName = ProjectMap;
			productReference = 123AF687251DFE1400FFBEBB /* ProjectMap.app */;
			productType = "com.apple.product-type.application";
		};
/* End PBXNativeTarget section */

/* Begin PBXProject section */
		123AF67F251DFE1400FFBEBB /* Project object */ = {
			isa = PBXProject;
			attributes = {
				LastSwiftUpdateCheck = 1130;
				LastUpgradeCheck = 1200;
				ORGANIZATIONNAME = "Михаил Зайцев";
				TargetAttributes = {
					123AF686251DFE1400FFBEBB = {
						CreatedOnToolsVersion = 11.3.1;
					};
				};
			};
			buildConfigurationList = 123AF682251DFE1400FFBEBB /* Build configuration list for PBXProject "ProjectMap" */;
			compatibilityVersion = "Xcode 9.3";
			developmentRegion = en;
			hasScannedForEncodings = 0;
			knownRegions = (
				en,
				Base,
			);
			mainGroup = 123AF67E251DFE1400FFBEBB;
			productRefGroup = 123AF688251DFE1400FFBEBB /* Products */;
			projectDirPath = "";
			projectRoot = "";
			targets = (
				123AF686251DFE1400FFBEBB /* ProjectMap */,
			);
		};
/* End PBXProject section */

/* Begin PBXResourcesBuildPhase section */
		123AF685251DFE1400FFBEBB /* Resources */ = {
			isa = PBXResourcesBuildPhase;
			buildActionMask = 2147483647;
			files = (
				123AF697251DFE1500FFBEBB /* LaunchScreen.storyboard in Resources */,
				123AF694251DFE1500FFBEBB /* Assets.xcassets in Resources */,
				123AF692251DFE1400FFBEBB /* Main.storyboard in Resources */,
			);
			runOnlyForDeploymentPostprocessing = 0;
		};
/* End PBXResourcesBuildPhase section */

/* Begin PBXShellScriptBuildPhase section */
		14CAB27658C9E451C9702AFB /* [CP] Copy Pods Resources */ = {
			isa = PBXShellScriptBuildPhase;
			buildActionMask = 2147483647;
			files = (
			);
			inputFileListPaths = (
				"${PODS_ROOT}/Target Support Files/Pods-ProjectMap/Pods-ProjectMap-resources-${CONFIGURATION}-input-files.xcfilelist",
			);
			name = "[CP] Copy Pods Resources";
			outputFileListPaths = (
				"${PODS_ROOT}/Target Support Files/Pods-ProjectMap/Pods-ProjectMap-resources-${CONFIGURATION}-output-files.xcfilelist",
			);
			runOnlyForDeploymentPostprocessing = 0;
			shellPath = /bin/sh;
			shellScript = "\"${PODS_ROOT}/Target Support Files/Pods-ProjectMap/Pods-ProjectMap-resources.sh\"\n";
			showEnvVarsInLog = 0;
		};
		A04A015BFED54923E45E152F /* [CP] Check Pods Manifest.lock */ = {
			isa = PBXShellScriptBuildPhase;
			buildActionMask = 2147483647;
			files = (
			);
			inputFileListPaths = (
			);
			inputPaths = (
				"${PODS_PODFILE_DIR_PATH}/Podfile.lock",
				"${PODS_ROOT}/Manifest.lock",
			);
			name = "[CP] Check Pods Manifest.lock";
			outputFileListPaths = (
			);
			outputPaths = (
				"$(DERIVED_FILE_DIR)/Pods-ProjectMap-checkManifestLockResult.txt",
			);
			runOnlyForDeploymentPostprocessing = 0;
			shellPath = /bin/sh;
			shellScript = "diff \"${PODS_PODFILE_DIR_PATH}/Podfile.lock\" \"${PODS_ROOT}/Manifest.lock\" > /dev/null\nif [ $? != 0 ] ; then\n    # print error to STDERR\n    echo \"error: The sandbox is not in sync with the Podfile.lock. Run 'pod install' or update your CocoaPods installation.\" >&2\n    exit 1\nfi\n# This output is used by Xcode 'outputs' to avoid re-running this script phase.\necho \"SUCCESS\" > \"${SCRIPT_OUTPUT_FILE_0}\"\n";
			showEnvVarsInLog = 0;
		};
/* End PBXShellScriptBuildPhase section */

/* Begin PBXSourcesBuildPhase section */
		123AF683251DFE1400FFBEBB /* Sources */ = {
			isa = PBXSourcesBuildPhase;
			buildActionMask = 2147483647;
			files = (
				123AF68F251DFE1400FFBEBB /* ViewController.swift in Sources */,
				123AF68B251DFE1400FFBEBB /* AppDelegate.swift in Sources */,
				123AF68D251DFE1400FFBEBB /* SceneDelegate.swift in Sources */,
			);
			runOnlyForDeploymentPostprocessing = 0;
		};
/* End PBXSourcesBuildPhase section */

/* Begin PBXVariantGroup section */
		123AF690251DFE1400FFBEBB /* Main.storyboard */ = {
			isa = PBXVariantGroup;
			children = (
				123AF691251DFE1400FFBEBB /* Base */,
			);
			name = Main.storyboard;
			sourceTree = "<group>";
		};
		123AF695251DFE1500FFBEBB /* LaunchScreen.storyboard */ = {
			isa = PBXVariantGroup;
			children = (
				123AF696251DFE1500FFBEBB /* Base */,
			);
			name = LaunchScreen.storyboard;
			sourceTree = "<group>";
		};
/* End PBXVariantGroup section */

/* Begin XCBuildConfiguration section */
		123AF699251DFE1500FFBEBB /* Debug */ = {
			isa = XCBuildConfiguration;
			buildSettings = {
				ALWAYS_SEARCH_USER_PATHS = NO;
				CLANG_ANALYZER_NONNULL = YES;
				CLANG_ANALYZER_NUMBER_OBJECT_CONVERSION = YES_AGGRESSIVE;
				CLANG_CXX_LANGUAGE_STANDARD = "gnu++14";
				CLANG_CXX_LIBRARY = "libc++";
				CLANG_ENABLE_MODULES = YES;
				CLANG_ENABLE_OBJC_ARC = YES;
				CLANG_ENABLE_OBJC_WEAK = YES;
				CLANG_WARN_BLOCK_CAPTURE_AUTORELEASING = YES;
				CLANG_WARN_BOOL_CONVERSION = YES;
				CLANG_WARN_COMMA = YES;
				CLANG_WARN_CONSTANT_CONVERSION = YES;
				CLANG_WARN_DEPRECATED_OBJC_IMPLEMENTATIONS = YES;
				CLANG_WARN_DIRECT_OBJC_ISA_USAGE = YES_ERROR;
				CLANG_WARN_DOCUMENTATION_COMMENTS = YES;
				CLANG_WARN_EMPTY_BODY = YES;
				CLANG_WARN_ENUM_CONVERSION = YES;
				CLANG_WARN_INFINITE_RECURSION = YES;
				CLANG_WARN_INT_CONVERSION = YES;
				CLANG_WARN_NON_LITERAL_NULL_CONVERSION = YES;
				CLANG_WARN_OBJC_IMPLICIT_RETAIN_SELF = YES;
				CLANG_WARN_OBJC_LITERAL_CONVERSION = YES;
				CLANG_WARN_OBJC_ROOT_CLASS = YES_ERROR;
				CLANG_WARN_QUOTED_INCLUDE_IN_FRAMEWORK_HEADER = YES;
				CLANG_WARN_RANGE_LOOP_ANALYSIS = YES;
				CLANG_WARN_STRICT_PROTOTYPES = YES;
				CLANG_WARN_SUSPICIOUS_MOVE = YES;
				CLANG_WARN_UNGUARDED_AVAILABILITY = YES_AGGRESSIVE;
				CLANG_WARN_UNREACHABLE_CODE = YES;
				CLANG_WARN__DUPLICATE_METHOD_MATCH = YES;
				COPY_PHASE_STRIP = NO;
				DEBUG_INFORMATION_FORMAT = dwarf;
				ENABLE_STRICT_OBJC_MSGSEND = YES;
				ENABLE_TESTABILITY = YES;
				GCC_C_LANGUAGE_STANDARD = gnu11;
				GCC_DYNAMIC_NO_PIC = NO;
				GCC_NO_COMMON_BLOCKS = YES;
				GCC_OPTIMIZATION_LEVEL = 0;
				GCC_PREPROCESSOR_DEFINITIONS = (
					"DEBUG=1",
					"$(inherited)",
				);
				GCC_WARN_64_TO_32_BIT_CONVERSION = YES;
				GCC_WARN_ABOUT_RETURN_TYPE = YES_ERROR;
				GCC_WARN_UNDECLARED_SELECTOR = YES;
				GCC_WARN_UNINITIALIZED_AUTOS = YES_AGGRESSIVE;
				GCC_WARN_UNUSED_FUNCTION = YES;
				GCC_WARN_UNUSED_VARIABLE = YES;
				IPHONEOS_DEPLOYMENT_TARGET = 13.2;
				MTL_ENABLE_DEBUG_INFO = INCLUDE_SOURCE;
				MTL_FAST_MATH = YES;
				ONLY_ACTIVE_ARCH = YES;
				SDKROOT = iphoneos;
				SWIFT_ACTIVE_COMPILATION_CONDITIONS = DEBUG;
				SWIFT_OPTIMIZATION_LEVEL = "-Onone";
			};
			name = Debug;
		};
		123AF69A251DFE1500FFBEBB /* Release */ = {
			isa = XCBuildConfiguration;
			buildSettings = {
				ALWAYS_SEARCH_USER_PATHS = NO;
				CLANG_ANALYZER_NONNULL = YES;
				CLANG_ANALYZER_NUMBER_OBJECT_CONVERSION = YES_AGGRESSIVE;
				CLANG_CXX_LANGUAGE_STANDARD = "gnu++14";
				CLANG_CXX_LIBRARY = "libc++";
				CLANG_ENABLE_MODULES = YES;
				CLANG_ENABLE_OBJC_ARC = YES;
				CLANG_ENABLE_OBJC_WEAK = YES;
				CLANG_WARN_BLOCK_CAPTURE_AUTORELEASING = YES;
				CLANG_WARN_BOOL_CONVERSION = YES;
				CLANG_WARN_COMMA = YES;
				CLANG_WARN_CONSTANT_CONVERSION = YES;
				CLANG_WARN_DEPRECATED_OBJC_IMPLEMENTATIONS = YES;
				CLANG_WARN_DIRECT_OBJC_ISA_USAGE = YES_ERROR;
				CLANG_WARN_DOCUMENTATION_COMMENTS = YES;
				CLANG_WARN_EMPTY_BODY = YES;
				CLANG_WARN_ENUM_CONVERSION = YES;
				CLANG_WARN_INFINITE_RECURSION = YES;
				CLANG_WARN_INT_CONVERSION = YES;
				CLANG_WARN_NON_LITERAL_NULL_CONVERSION = YES;
				CLANG_WARN_OBJC_IMPLICIT_RETAIN_SELF = YES;
				CLANG_WARN_OBJC_LITERAL_CONVERSION = YES;
				CLANG_WARN_OBJC_ROOT_CLASS = YES_ERROR;
				CLANG_WARN_QUOTED_INCLUDE_IN_FRAMEWORK_HEADER = YES;
				CLANG_WARN_RANGE_LOOP_ANALYSIS = YES;
				CLANG_WARN_STRICT_PROTOTYPES = YES;
				CLANG_WARN_SUSPICIOUS_MOVE = YES;
				CLANG_WARN_UNGUARDED_AVAILABILITY = YES_AGGRESSIVE;
				CLANG_WARN_UNREACHABLE_CODE = YES;
				CLANG_WARN__DUPLICATE_METHOD_MATCH = YES;
				COPY_PHASE_STRIP = NO;
				DEBUG_INFORMATION_FORMAT = "dwarf-with-dsym";
				ENABLE_NS_ASSERTIONS = NO;
				ENABLE_STRICT_OBJC_MSGSEND = YES;
				GCC_C_LANGUAGE_STANDARD = gnu11;
				GCC_NO_COMMON_BLOCKS = YES;
				GCC_WARN_64_TO_32_BIT_CONVERSION = YES;
				GCC_WARN_ABOUT_RETURN_TYPE = YES_ERROR;
				GCC_WARN_UNDECLARED_SELECTOR = YES;
				GCC_WARN_UNINITIALIZED_AUTOS = YES_AGGRESSIVE;
				GCC_WARN_UNUSED_FUNCTION = YES;
				GCC_WARN_UNUSED_VARIABLE = YES;
				IPHONEOS_DEPLOYMENT_TARGET = 13.2;
				MTL_ENABLE_DEBUG_INFO = NO;
				MTL_FAST_MATH = YES;
				SDKROOT = iphoneos;
				SWIFT_COMPILATION_MODE = wholemodule;
				SWIFT_OPTIMIZATION_LEVEL = "-O";
				VALIDATE_PRODUCT = YES;
			};
			name = Release;
		};
		123AF69C251DFE1500FFBEBB /* Debug */ = {
			isa = XCBuildConfiguration;
			baseConfigurationReference = 6FCAFD75B186E21CF86A1C69 /* Pods-ProjectMap.debug.xcconfig */;
			buildSettings = {
				ASSETCATALOG_COMPILER_APPICON_NAME = AppIcon;
				CODE_SIGN_STYLE = Automatic;
				DEVELOPMENT_TEAM = 6888952VPD;
				INFOPLIST_FILE = ProjectMap/Info.plist;
				LD_RUNPATH_SEARCH_PATHS = (
					"$(inherited)",
					"@executable_path/Frameworks",
				);
				PRODUCT_BUNDLE_IDENTIFIER = ru.miklaz.ProjectMap;
				PRODUCT_NAME = "$(TARGET_NAME)";
				SWIFT_VERSION = 5.0;
				TARGETED_DEVICE_FAMILY = "1,2";
			};
			name = Debug;
		};
		123AF69D251DFE1500FFBEBB /* Release */ = {
			isa = XCBuildConfiguration;
			baseConfigurationReference = 186312566C05B3DDB7FD4F84 /* Pods-ProjectMap.release.xcconfig */;
			buildSettings = {
				ASSETCATALOG_COMPILER_APPICON_NAME = AppIcon;
				CODE_SIGN_STYLE = Automatic;
				DEVELOPMENT_TEAM = 6888952VPD;
				INFOPLIST_FILE = ProjectMap/Info.plist;
				LD_RUNPATH_SEARCH_PATHS = (
					"$(inherited)",
					"@executable_path/Frameworks",
				);
				PRODUCT_BUNDLE_IDENTIFIER = ru.miklaz.ProjectMap;
				PRODUCT_NAME = "$(TARGET_NAME)";
				SWIFT_VERSION = 5.0;
				TARGETED_DEVICE_FAMILY = "1,2";
			};
			name = Release;
		};
/* End XCBuildConfiguration section */

/* Begin XCConfigurationList section */
		123AF682251DFE1400FFBEBB /* Build configuration list for PBXProject "ProjectMap" */ = {
			isa = XCConfigurationList;
			buildConfigurations = (
				123AF699251DFE1500FFBEBB /* Debug */,
				123AF69A251DFE1500FFBEBB /* Release */,
			);
			defaultConfigurationIsVisible = 0;
			defaultConfigurationName = Release;
		};
		123AF69B251DFE1500FFBEBB /* Build configuration list for PBXNativeTarget "ProjectMap" */ = {
			isa = XCConfigurationList;
			buildConfigurations = (
				123AF69C251DFE1500FFBEBB /* Debug */,
				123AF69D251DFE1500FFBEBB /* Release */,
			);
			defaultConfigurationIsVisible = 0;
			defaultConfigurationName = Release;
		};
/* End XCConfigurationList section */
	};
	rootObject = 123AF67F251DFE1400FFBEBB /* Project object */;
}
