PODS:
  - GoogleMaps (3.10.0):
    - GoogleMaps/Maps (= 3.10.0)
  - GoogleMaps/Base (3.10.0)
  - GoogleMaps/Maps (3.10.0):
    - GoogleMaps/Base

DEPENDENCIES:
  - GoogleMaps

SPEC REPOS:
  trunk:
    - GoogleMaps

SPEC CHECKSUMS:
  GoogleMaps: 8c080862ff2748ece9929471b30feb56a6c5079d

PODFILE CHECKSUM: 15e89a5a2cf63623af5a5af11d1e997612ee772b

COCOAPODS: 1.8.4
